
Microsoft Visual Studio Solution File, Format Version 12.00
# Visual Studio Version 17
VisualStudioVersion = 17.5.002.0
MinimumVisualStudioVersion = 10.0.40219.1
Project("{2150E333-8FDC-42A3-9474-1A3956D46DE8}") = "final", "final", "{7A5C19DD-BA4D-4D7E-837D-FDF55F528526}"
EndProject
Project("{9A19103F-16F7-4668-BE54-9A1E7A4F7556}") = "Foundation4", "final\Foundation4\Foundation4.csproj", "{5E94DEE6-4FA7-4829-8FA8-F2F90BED0DAF}"
EndProject
Project("{9A19103F-16F7-4668-BE54-9A1E7A4F7556}") = "Foundation2", "final\Foundation2\Foundation2.csproj", "{E3B5C97F-19CD-429A-AA77-483D52464764}"
EndProject
Project("{9A19103F-16F7-4668-BE54-9A1E7A4F7556}") = "FinalProject", "final\FinalProject\FinalProject.csproj", "{1C66A4DC-1E1D-4666-8990-6D61C2CA8500}"
EndProject
Project("{9A19103F-16F7-4668-BE54-9A1E7A4F7556}") = "Foundation1", "final\Foundation1\Foundation1.csproj", "{103E6FF5-FB14-4861-A144-3E64F27A32C0}"
EndProject
Project("{9A19103F-16F7-4668-BE54-9A1E7A4F7556}") = "Foundation3", "final\Foundation3\Foundation3.csproj", "{84553427-31B1-4038-9CD2-E422727E78DE}"
EndProject
Project("{2150E333-8FDC-42A3-9474-1A3956D46DE8}") = "sandbox", "sandbox", "{721F3B5F-02F5-4032-99FF-204B6E6A7915}"
EndProject
Project("{9A19103F-16F7-4668-BE54-9A1E7A4F7556}") = "Sandbox", "sandbox\Sandbox\Sandbox.csproj", "{B7660507-D7FD-4326-B751-B17F9E5EF90A}"
EndProject
Project("{2150E333-8FDC-42A3-9474-1A3956D46DE8}") = "prepare", "prepare", "{AC40EB11-C2E7-4287-A384-D196F4DFC68C}"
EndProject
Project("{9A19103F-16F7-4668-BE54-9A1E7A4F7556}") = "Learning03", "prepare\Learning03\Learning03.csproj", "{516E4140-EBA8-466E-B2F4-D1BC267CF305}"
EndProject
Project("{9A19103F-16F7-4668-BE54-9A1E7A4F7556}") = "Learning02", "prepare\Learning02\Learning02.csproj", "{E7C55C3D-9BCF-4534-B3E1-A836D0A3D054}"
EndProject
Project("{9A19103F-16F7-4668-BE54-9A1E7A4F7556}") = "Learning05", "prepare\Learning05\Learning05.csproj", "{469EE014-B986-4123-845B-C915EBDA895D}"
EndProject
Project("{9A19103F-16F7-4668-BE54-9A1E7A4F7556}") = "Learning04", "prepare\Learning04\Learning04.csproj", "{5FA6094B-B2C0-4DEF-AEE7-5264364DC3D3}"
EndProject
Project("{2150E333-8FDC-42A3-9474-1A3956D46DE8}") = "csharp-prep", "csharp-prep", "{4DE9C6CD-9DB4-45A0-B684-647104927505}"
EndProject
Project("{9A19103F-16F7-4668-BE54-9A1E7A4F7556}") = "Prep1", "csharp-prep\Prep1\Prep1.csproj", "{5755FC46-2388-4AD2-8629-C998BBCA6545}"
EndProject
Project("{9A19103F-16F7-4668-BE54-9A1E7A4F7556}") = "Prep2", "csharp-prep\Prep2\Prep2.csproj", "{F3D5FD1D-5BBB-4930-9E06-9CD0810C9E55}"
EndProject
Project("{9A19103F-16F7-4668-BE54-9A1E7A4F7556}") = "Prep5", "csharp-prep\Prep5\Prep5.csproj", "{DB44050E-A3FE-45C5-8702-C9048171122F}"
EndProject
Project("{9A19103F-16F7-4668-BE54-9A1E7A4F7556}") = "Prep3", "csharp-prep\Prep3\Prep3.csproj", "{7016FFAF-A080-416F-97D4-05E34D43B40C}"
EndProject
Project("{9A19103F-16F7-4668-BE54-9A1E7A4F7556}") = "Prep4", "csharp-prep\Prep4\Prep4.csproj", "{40B4AD73-E134-4EDC-AD73-CDDDC270AA3E}"
EndProject
Project("{2150E333-8FDC-42A3-9474-1A3956D46DE8}") = "prove", "prove", "{EA250334-E915-4399-9804-DF4F60B02413}"
EndProject
Project("{9A19103F-16F7-4668-BE54-9A1E7A4F7556}") = "Develop04", "prove\Develop04\Develop04.csproj", "{7697BD66-5A24-4B8B-841E-1DB408DB6578}"
EndProject
Project("{9A19103F-16F7-4668-BE54-9A1E7A4F7556}") = "Develop05", "prove\Develop05\Develop05.csproj", "{6EA70C65-4BD1-41E3-8312-E5D93258731A}"
EndProject
Project("{9A19103F-16F7-4668-BE54-9A1E7A4F7556}") = "Develop03", "prove\Develop03\Develop03.csproj", "{B7753AB0-7EA6-416E-823A-6E7CF6041E4A}"
EndProject
Project("{9A19103F-16F7-4668-BE54-9A1E7A4F7556}") = "Develop02", "prove\Develop02\Develop02.csproj", "{9D3546E3-7CD3-444E-90C3-87415AD4FEDF}"
EndProject
Global
	GlobalSection(SolutionConfigurationPlatforms) = preSolution
		Debug|Any CPU = Debug|Any CPU
		Release|Any CPU = Release|Any CPU
	EndGlobalSection
	GlobalSection(ProjectConfigurationPlatforms) = postSolution
		{5E94DEE6-4FA7-4829-8FA8-F2F90BED0DAF}.Debug|Any CPU.ActiveCfg = Debug|Any CPU
		{5E94DEE6-4FA7-4829-8FA8-F2F90BED0DAF}.Debug|Any CPU.Build.0 = Debug|Any CPU
		{5E94DEE6-4FA7-4829-8FA8-F2F90BED0DAF}.Release|Any CPU.ActiveCfg = Release|Any CPU
		{5E94DEE6-4FA7-4829-8FA8-F2F90BED0DAF}.Release|Any CPU.Build.0 = Release|Any CPU
		{E3B5C97F-19CD-429A-AA77-483D52464764}.Debug|Any CPU.ActiveCfg = Debug|Any CPU
		{E3B5C97F-19CD-429A-AA77-483D52464764}.Debug|Any CPU.Build.0 = Debug|Any CPU
		{E3B5C97F-19CD-429A-AA77-483D52464764}.Release|Any CPU.ActiveCfg = Release|Any CPU
		{E3B5C97F-19CD-429A-AA77-483D52464764}.Release|Any CPU.Build.0 = Release|Any CPU
		{1C66A4DC-1E1D-4666-8990-6D61C2CA8500}.Debug|Any CPU.ActiveCfg = Debug|Any CPU
		{1C66A4DC-1E1D-4666-8990-6D61C2CA8500}.Debug|Any CPU.Build.0 = Debug|Any CPU
		{1C66A4DC-1E1D-4666-8990-6D61C2CA8500}.Release|Any CPU.ActiveCfg = Release|Any CPU
		{1C66A4DC-1E1D-4666-8990-6D61C2CA8500}.Release|Any CPU.Build.0 = Release|Any CPU
		{103E6FF5-FB14-4861-A144-3E64F27A32C0}.Debug|Any CPU.ActiveCfg = Debug|Any CPU
		{103E6FF5-FB14-4861-A144-3E64F27A32C0}.Debug|Any CPU.Build.0 = Debug|Any CPU
		{103E6FF5-FB14-4861-A144-3E64F27A32C0}.Release|Any CPU.ActiveCfg = Release|Any CPU
		{103E6FF5-FB14-4861-A144-3E64F27A32C0}.Release|Any CPU.Build.0 = Release|Any CPU
		{84553427-31B1-4038-9CD2-E422727E78DE}.Debug|Any CPU.ActiveCfg = Debug|Any CPU
		{84553427-31B1-4038-9CD2-E422727E78DE}.Debug|Any CPU.Build.0 = Debug|Any CPU
		{84553427-31B1-4038-9CD2-E422727E78DE}.Release|Any CPU.ActiveCfg = Release|Any CPU
		{84553427-31B1-4038-9CD2-E422727E78DE}.Release|Any CPU.Build.0 = Release|Any CPU
		{B7660507-D7FD-4326-B751-B17F9E5EF90A}.Debug|Any CPU.ActiveCfg = Debug|Any CPU
		{B7660507-D7FD-4326-B751-B17F9E5EF90A}.Debug|Any CPU.Build.0 = Debug|Any CPU
		{B7660507-D7FD-4326-B751-B17F9E5EF90A}.Release|Any CPU.ActiveCfg = Release|Any CPU
		{B7660507-D7FD-4326-B751-B17F9E5EF90A}.Release|Any CPU.Build.0 = Release|Any CPU
		{516E4140-EBA8-466E-B2F4-D1BC267CF305}.Debug|Any CPU.ActiveCfg = Debug|Any CPU
		{516E4140-EBA8-466E-B2F4-D1BC267CF305}.Debug|Any CPU.Build.0 = Debug|Any CPU
		{516E4140-EBA8-466E-B2F4-D1BC267CF305}.Release|Any CPU.ActiveCfg = Release|Any CPU
		{516E4140-EBA8-466E-B2F4-D1BC267CF305}.Release|Any CPU.Build.0 = Release|Any CPU
		{E7C55C3D-9BCF-4534-B3E1-A836D0A3D054}.Debug|Any CPU.ActiveCfg = Debug|Any CPU
		{E7C55C3D-9BCF-4534-B3E1-A836D0A3D054}.Debug|Any CPU.Build.0 = Debug|Any CPU
		{E7C55C3D-9BCF-4534-B3E1-A836D0A3D054}.Release|Any CPU.ActiveCfg = Release|Any CPU
		{E7C55C3D-9BCF-4534-B3E1-A836D0A3D054}.Release|Any CPU.Build.0 = Release|Any CPU
		{469EE014-B986-4123-845B-C915EBDA895D}.Debug|Any CPU.ActiveCfg = Debug|Any CPU
		{469EE014-B986-4123-845B-C915EBDA895D}.Debug|Any CPU.Build.0 = Debug|Any CPU
		{469EE014-B986-4123-845B-C915EBDA895D}.Release|Any CPU.ActiveCfg = Release|Any CPU
		{469EE014-B986-4123-845B-C915EBDA895D}.Release|Any CPU.Build.0 = Release|Any CPU
		{5FA6094B-B2C0-4DEF-AEE7-5264364DC3D3}.Debug|Any CPU.ActiveCfg = Debug|Any CPU
		{5FA6094B-B2C0-4DEF-AEE7-5264364DC3D3}.Debug|Any CPU.Build.0 = Debug|Any CPU
		{5FA6094B-B2C0-4DEF-AEE7-5264364DC3D3}.Release|Any CPU.ActiveCfg = Release|Any CPU
		{5FA6094B-B2C0-4DEF-AEE7-5264364DC3D3}.Release|Any CPU.Build.0 = Release|Any CPU
		{5755FC46-2388-4AD2-8629-C998BBCA6545}.Debug|Any CPU.ActiveCfg = Debug|Any CPU
		{5755FC46-2388-4AD2-8629-C998BBCA6545}.Debug|Any CPU.Build.0 = Debug|Any CPU
		{5755FC46-2388-4AD2-8629-C998BBCA6545}.Release|Any CPU.ActiveCfg = Release|Any CPU
		{5755FC46-2388-4AD2-8629-C998BBCA6545}.Release|Any CPU.Build.0 = Release|Any CPU
		{F3D5FD1D-5BBB-4930-9E06-9CD0810C9E55}.Debug|Any CPU.ActiveCfg = Debug|Any CPU
		{F3D5FD1D-5BBB-4930-9E06-9CD0810C9E55}.Debug|Any CPU.Build.0 = Debug|Any CPU
		{F3D5FD1D-5BBB-4930-9E06-9CD0810C9E55}.Release|Any CPU.ActiveCfg = Release|Any CPU
		{F3D5FD1D-5BBB-4930-9E06-9CD0810C9E55}.Release|Any CPU.Build.0 = Release|Any CPU
		{DB44050E-A3FE-45C5-8702-C9048171122F}.Debug|Any CPU.ActiveCfg = Debug|Any CPU
		{DB44050E-A3FE-45C5-8702-C9048171122F}.Debug|Any CPU.Build.0 = Debug|Any CPU
		{DB44050E-A3FE-45C5-8702-C9048171122F}.Release|Any CPU.ActiveCfg = Release|Any CPU
		{DB44050E-A3FE-45C5-8702-C9048171122F}.Release|Any CPU.Build.0 = Release|Any CPU
		{7016FFAF-A080-416F-97D4-05E34D43B40C}.Debug|Any CPU.ActiveCfg = Debug|Any CPU
		{7016FFAF-A080-416F-97D4-05E34D43B40C}.Debug|Any CPU.Build.0 = Debug|Any CPU
		{7016FFAF-A080-416F-97D4-05E34D43B40C}.Release|Any CPU.ActiveCfg = Release|Any CPU
		{7016FFAF-A080-416F-97D4-05E34D43B40C}.Release|Any CPU.Build.0 = Release|Any CPU
		{40B4AD73-E134-4EDC-AD73-CDDDC270AA3E}.Debug|Any CPU.ActiveCfg = Debug|Any CPU
		{40B4AD73-E134-4EDC-AD73-CDDDC270AA3E}.Debug|Any CPU.Build.0 = Debug|Any CPU
		{40B4AD73-E134-4EDC-AD73-CDDDC270AA3E}.Release|Any CPU.ActiveCfg = Release|Any CPU
		{40B4AD73-E134-4EDC-AD73-CDDDC270AA3E}.Release|Any CPU.Build.0 = Release|Any CPU
		{7697BD66-5A24-4B8B-841E-1DB408DB6578}.Debug|Any CPU.ActiveCfg = Debug|Any CPU
		{7697BD66-5A24-4B8B-841E-1DB408DB6578}.Debug|Any CPU.Build.0 = Debug|Any CPU
		{7697BD66-5A24-4B8B-841E-1DB408DB6578}.Release|Any CPU.ActiveCfg = Release|Any CPU
		{7697BD66-5A24-4B8B-841E-1DB408DB6578}.Release|Any CPU.Build.0 = Release|Any CPU
		{6EA70C65-4BD1-41E3-8312-E5D93258731A}.Debug|Any CPU.ActiveCfg = Debug|Any CPU
		{6EA70C65-4BD1-41E3-8312-E5D93258731A}.Debug|Any CPU.Build.0 = Debug|Any CPU
		{6EA70C65-4BD1-41E3-8312-E5D93258731A}.Release|Any CPU.ActiveCfg = Release|Any CPU
		{6EA70C65-4BD1-41E3-8312-E5D93258731A}.Release|Any CPU.Build.0 = Release|Any CPU
		{B7753AB0-7EA6-416E-823A-6E7CF6041E4A}.Debug|Any CPU.ActiveCfg = Debug|Any CPU
		{B7753AB0-7EA6-416E-823A-6E7CF6041E4A}.Debug|Any CPU.Build.0 = Debug|Any CPU
		{B7753AB0-7EA6-416E-823A-6E7CF6041E4A}.Release|Any CPU.ActiveCfg = Release|Any CPU
		{B7753AB0-7EA6-416E-823A-6E7CF6041E4A}.Release|Any CPU.Build.0 = Release|Any CPU
		{9D3546E3-7CD3-444E-90C3-87415AD4FEDF}.Debug|Any CPU.ActiveCfg = Debug|Any CPU
		{9D3546E3-7CD3-444E-90C3-87415AD4FEDF}.Debug|Any CPU.Build.0 = Debug|Any CPU
		{9D3546E3-7CD3-444E-90C3-87415AD4FEDF}.Release|Any CPU.ActiveCfg = Release|Any CPU
		{9D3546E3-7CD3-444E-90C3-87415AD4FEDF}.Release|Any CPU.Build.0 = Release|Any CPU
	EndGlobalSection
	GlobalSection(SolutionProperties) = preSolution
		HideSolutionNode = FALSE
	EndGlobalSection
	GlobalSection(NestedProjects) = preSolution
		{5E94DEE6-4FA7-4829-8FA8-F2F90BED0DAF} = {7A5C19DD-BA4D-4D7E-837D-FDF55F528526}
		{E3B5C97F-19CD-429A-AA77-483D52464764} = {7A5C19DD-BA4D-4D7E-837D-FDF55F528526}
		{1C66A4DC-1E1D-4666-8990-6D61C2CA8500} = {7A5C19DD-BA4D-4D7E-837D-FDF55F528526}
		{103E6FF5-FB14-4861-A144-3E64F27A32C0} = {7A5C19DD-BA4D-4D7E-837D-FDF55F528526}
		{84553427-31B1-4038-9CD2-E422727E78DE} = {7A5C19DD-BA4D-4D7E-837D-FDF55F528526}
		{B7660507-D7FD-4326-B751-B17F9E5EF90A} = {721F3B5F-02F5-4032-99FF-204B6E6A7915}
		{516E4140-EBA8-466E-B2F4-D1BC267CF305} = {AC40EB11-C2E7-4287-A384-D196F4DFC68C}
		{E7C55C3D-9BCF-4534-B3E1-A836D0A3D054} = {AC40EB11-C2E7-4287-A384-D196F4DFC68C}
		{469EE014-B986-4123-845B-C915EBDA895D} = {AC40EB11-C2E7-4287-A384-D196F4DFC68C}
		{5FA6094B-B2C0-4DEF-AEE7-5264364DC3D3} = {AC40EB11-C2E7-4287-A384-D196F4DFC68C}
		{5755FC46-2388-4AD2-8629-C998BBCA6545} = {4DE9C6CD-9DB4-45A0-B684-647104927505}
		{F3D5FD1D-5BBB-4930-9E06-9CD0810C9E55} = {4DE9C6CD-9DB4-45A0-B684-647104927505}
		{DB44050E-A3FE-45C5-8702-C9048171122F} = {4DE9C6CD-9DB4-45A0-B684-647104927505}
		{7016FFAF-A080-416F-97D4-05E34D43B40C} = {4DE9C6CD-9DB4-45A0-B684-647104927505}
		{40B4AD73-E134-4EDC-AD73-CDDDC270AA3E} = {4DE9C6CD-9DB4-45A0-B684-647104927505}
		{7697BD66-5A24-4B8B-841E-1DB408DB6578} = {EA250334-E915-4399-9804-DF4F60B02413}
		{6EA70C65-4BD1-41E3-8312-E5D93258731A} = {EA250334-E915-4399-9804-DF4F60B02413}
		{B7753AB0-7EA6-416E-823A-6E7CF6041E4A} = {EA250334-E915-4399-9804-DF4F60B02413}
		{9D3546E3-7CD3-444E-90C3-87415AD4FEDF} = {EA250334-E915-4399-9804-DF4F60B02413}
	EndGlobalSection
	GlobalSection(ExtensibilityGlobals) = postSolution
		SolutionGuid = {E46CE846-6810-4D2C-8DA8-4FCD0C5F3360}
	EndGlobalSection
EndGlobal
